
Microsoft Visual Studio Solution File, Format Version 12.00
# Visual Studio Version 16
VisualStudioVersion = 16.0.30011.22
MinimumVisualStudioVersion = 10.0.40219.1
Project("{FAE04EC0-301F-11D3-BF4B-00C04F79EFBC}") = "PracticeSearching", "PracticeSearching\PracticeSearching.csproj", "{A64122CC-DB81-4360-8CAA-520DD83DDDC0}"
EndProject
Global
	GlobalSection(SolutionConfigurationPlatforms) = preSolution
		Debug|Any CPU = Debug|Any CPU
		Release|Any CPU = Release|Any CPU
	EndGlobalSection
	GlobalSection(ProjectConfigurationPlatforms) = postSolution
		{A64122CC-DB81-4360-8CAA-520DD83DDDC0}.Debug|Any CPU.ActiveCfg = Debug|Any CPU
		{A64122CC-DB81-4360-8CAA-520DD83DDDC0}.Debug|Any CPU.Build.0 = Debug|Any CPU
		{A64122CC-DB81-4360-8CAA-520DD83DDDC0}.Release|Any CPU.ActiveCfg = Release|Any CPU
		{A64122CC-DB81-4360-8CAA-520DD83DDDC0}.Release|Any CPU.Build.0 = Release|Any CPU
	EndGlobalSection
	GlobalSection(SolutionProperties) = preSolution
		HideSolutionNode = FALSE
	EndGlobalSection
	GlobalSection(ExtensibilityGlobals) = postSolution
		SolutionGuid = {2BDCFE90-0B04-455F-9208-250EE4D0E703}
	EndGlobalSection
EndGlobal
